
Microsoft Visual Studio Solution File, Format Version 12.00
# Visual Studio Version 16
VisualStudioVersion = 16.0.29521.150
MinimumVisualStudioVersion = 10.0.40219.1
Project("{9A19103F-16F7-4668-BE54-9A1E7A4F7556}") = "anime-dl", "anime-dl\anime-dl.csproj", "{E2E8CF9E-5A09-494E-AA83-DB521C92C1D7}"
EndProject
Project("{9A19103F-16F7-4668-BE54-9A1E7A4F7556}") = "ADLCore", "ADLCore\ADLCore.csproj", "{59CC73AE-76C7-4D2E-BF62-1DA623B3BF2B}"
EndProject
Project("{FAE04EC0-301F-11D3-BF4B-00C04F79EFBC}") = "anime-dl_Android", "anime-dl_Android\anime-dl_Android.csproj", "{E3CA1CB3-B245-4FA5-A584-781193BDE1F5}"
EndProject
Project("{9A19103F-16F7-4668-BE54-9A1E7A4F7556}") = "ADLTrack", "ADLTrack\ADLTrack.csproj", "{8FDAD6E3-A9FF-4431-81DC-8F9F1DD5339E}"
EndProject
Project("{9A19103F-16F7-4668-BE54-9A1E7A4F7556}") = "ADLReader", "ADLReader\ADLReader.csproj", "{77FE5DAE-4374-4DDF-A7F3-009A079E4984}"
EndProject
Project("{FAE04EC0-301F-11D3-BF4B-00C04F79EFBC}") = "UIanime-dl", "UIanime-dl\UIanime-dl.csproj", "{00C7DBD9-FDCE-4923-AE13-37BFACF4EC82}"
EndProject
Global
	GlobalSection(SolutionConfigurationPlatforms) = preSolution
		Debug|Any CPU = Debug|Any CPU
		Debug|ARM = Debug|ARM
		Debug|iPhone = Debug|iPhone
		Debug|iPhoneSimulator = Debug|iPhoneSimulator
		Debug|x64 = Debug|x64
		Debug|x86 = Debug|x86
		Release|Any CPU = Release|Any CPU
		Release|ARM = Release|ARM
		Release|iPhone = Release|iPhone
		Release|iPhoneSimulator = Release|iPhoneSimulator
		Release|x64 = Release|x64
		Release|x86 = Release|x86
	EndGlobalSection
	GlobalSection(ProjectConfigurationPlatforms) = postSolution
		{E2E8CF9E-5A09-494E-AA83-DB521C92C1D7}.Debug|Any CPU.ActiveCfg = Debug|Any CPU
		{E2E8CF9E-5A09-494E-AA83-DB521C92C1D7}.Debug|Any CPU.Build.0 = Debug|Any CPU
		{E2E8CF9E-5A09-494E-AA83-DB521C92C1D7}.Debug|ARM.ActiveCfg = Debug|Any CPU
		{E2E8CF9E-5A09-494E-AA83-DB521C92C1D7}.Debug|ARM.Build.0 = Debug|Any CPU
		{E2E8CF9E-5A09-494E-AA83-DB521C92C1D7}.Debug|iPhone.ActiveCfg = Debug|Any CPU
		{E2E8CF9E-5A09-494E-AA83-DB521C92C1D7}.Debug|iPhone.Build.0 = Debug|Any CPU
		{E2E8CF9E-5A09-494E-AA83-DB521C92C1D7}.Debug|iPhoneSimulator.ActiveCfg = Debug|Any CPU
		{E2E8CF9E-5A09-494E-AA83-DB521C92C1D7}.Debug|iPhoneSimulator.Build.0 = Debug|Any CPU
		{E2E8CF9E-5A09-494E-AA83-DB521C92C1D7}.Debug|x64.ActiveCfg = Debug|Any CPU
		{E2E8CF9E-5A09-494E-AA83-DB521C92C1D7}.Debug|x64.Build.0 = Debug|Any CPU
		{E2E8CF9E-5A09-494E-AA83-DB521C92C1D7}.Debug|x86.ActiveCfg = Debug|Any CPU
		{E2E8CF9E-5A09-494E-AA83-DB521C92C1D7}.Debug|x86.Build.0 = Debug|Any CPU
		{E2E8CF9E-5A09-494E-AA83-DB521C92C1D7}.Release|Any CPU.ActiveCfg = Release|Any CPU
		{E2E8CF9E-5A09-494E-AA83-DB521C92C1D7}.Release|Any CPU.Build.0 = Release|Any CPU
		{E2E8CF9E-5A09-494E-AA83-DB521C92C1D7}.Release|ARM.ActiveCfg = Release|Any CPU
		{E2E8CF9E-5A09-494E-AA83-DB521C92C1D7}.Release|ARM.Build.0 = Release|Any CPU
		{E2E8CF9E-5A09-494E-AA83-DB521C92C1D7}.Release|iPhone.ActiveCfg = Release|Any CPU
		{E2E8CF9E-5A09-494E-AA83-DB521C92C1D7}.Release|iPhone.Build.0 = Release|Any CPU
		{E2E8CF9E-5A09-494E-AA83-DB521C92C1D7}.Release|iPhoneSimulator.ActiveCfg = Release|Any CPU
		{E2E8CF9E-5A09-494E-AA83-DB521C92C1D7}.Release|iPhoneSimulator.Build.0 = Release|Any CPU
		{E2E8CF9E-5A09-494E-AA83-DB521C92C1D7}.Release|x64.ActiveCfg = Release|Any CPU
		{E2E8CF9E-5A09-494E-AA83-DB521C92C1D7}.Release|x64.Build.0 = Release|Any CPU
		{E2E8CF9E-5A09-494E-AA83-DB521C92C1D7}.Release|x86.ActiveCfg = Release|Any CPU
		{E2E8CF9E-5A09-494E-AA83-DB521C92C1D7}.Release|x86.Build.0 = Release|Any CPU
		{59CC73AE-76C7-4D2E-BF62-1DA623B3BF2B}.Debug|Any CPU.ActiveCfg = Debug|Any CPU
		{59CC73AE-76C7-4D2E-BF62-1DA623B3BF2B}.Debug|Any CPU.Build.0 = Debug|Any CPU
		{59CC73AE-76C7-4D2E-BF62-1DA623B3BF2B}.Debug|ARM.ActiveCfg = Debug|Any CPU
		{59CC73AE-76C7-4D2E-BF62-1DA623B3BF2B}.Debug|ARM.Build.0 = Debug|Any CPU
		{59CC73AE-76C7-4D2E-BF62-1DA623B3BF2B}.Debug|iPhone.ActiveCfg = Debug|Any CPU
		{59CC73AE-76C7-4D2E-BF62-1DA623B3BF2B}.Debug|iPhone.Build.0 = Debug|Any CPU
		{59CC73AE-76C7-4D2E-BF62-1DA623B3BF2B}.Debug|iPhoneSimulator.ActiveCfg = Debug|Any CPU
		{59CC73AE-76C7-4D2E-BF62-1DA623B3BF2B}.Debug|iPhoneSimulator.Build.0 = Debug|Any CPU
		{59CC73AE-76C7-4D2E-BF62-1DA623B3BF2B}.Debug|x64.ActiveCfg = Debug|Any CPU
		{59CC73AE-76C7-4D2E-BF62-1DA623B3BF2B}.Debug|x64.Build.0 = Debug|Any CPU
		{59CC73AE-76C7-4D2E-BF62-1DA623B3BF2B}.Debug|x86.ActiveCfg = Debug|Any CPU
		{59CC73AE-76C7-4D2E-BF62-1DA623B3BF2B}.Debug|x86.Build.0 = Debug|Any CPU
		{59CC73AE-76C7-4D2E-BF62-1DA623B3BF2B}.Release|Any CPU.ActiveCfg = Release|Any CPU
		{59CC73AE-76C7-4D2E-BF62-1DA623B3BF2B}.Release|Any CPU.Build.0 = Release|Any CPU
		{59CC73AE-76C7-4D2E-BF62-1DA623B3BF2B}.Release|ARM.ActiveCfg = Release|Any CPU
		{59CC73AE-76C7-4D2E-BF62-1DA623B3BF2B}.Release|ARM.Build.0 = Release|Any CPU
		{59CC73AE-76C7-4D2E-BF62-1DA623B3BF2B}.Release|iPhone.ActiveCfg = Release|Any CPU
		{59CC73AE-76C7-4D2E-BF62-1DA623B3BF2B}.Release|iPhone.Build.0 = Release|Any CPU
		{59CC73AE-76C7-4D2E-BF62-1DA623B3BF2B}.Release|iPhoneSimulator.ActiveCfg = Release|Any CPU
		{59CC73AE-76C7-4D2E-BF62-1DA623B3BF2B}.Release|iPhoneSimulator.Build.0 = Release|Any CPU
		{59CC73AE-76C7-4D2E-BF62-1DA623B3BF2B}.Release|x64.ActiveCfg = Release|Any CPU
		{59CC73AE-76C7-4D2E-BF62-1DA623B3BF2B}.Release|x64.Build.0 = Release|Any CPU
		{59CC73AE-76C7-4D2E-BF62-1DA623B3BF2B}.Release|x86.ActiveCfg = Release|Any CPU
		{59CC73AE-76C7-4D2E-BF62-1DA623B3BF2B}.Release|x86.Build.0 = Release|Any CPU
		{E3CA1CB3-B245-4FA5-A584-781193BDE1F5}.Debug|Any CPU.ActiveCfg = Debug|Any CPU
		{E3CA1CB3-B245-4FA5-A584-781193BDE1F5}.Debug|Any CPU.Build.0 = Debug|Any CPU
		{E3CA1CB3-B245-4FA5-A584-781193BDE1F5}.Debug|Any CPU.Deploy.0 = Debug|Any CPU
		{E3CA1CB3-B245-4FA5-A584-781193BDE1F5}.Debug|ARM.ActiveCfg = Debug|Any CPU
		{E3CA1CB3-B245-4FA5-A584-781193BDE1F5}.Debug|ARM.Build.0 = Debug|Any CPU
		{E3CA1CB3-B245-4FA5-A584-781193BDE1F5}.Debug|ARM.Deploy.0 = Debug|Any CPU
		{E3CA1CB3-B245-4FA5-A584-781193BDE1F5}.Debug|iPhone.ActiveCfg = Debug|Any CPU
		{E3CA1CB3-B245-4FA5-A584-781193BDE1F5}.Debug|iPhone.Build.0 = Debug|Any CPU
		{E3CA1CB3-B245-4FA5-A584-781193BDE1F5}.Debug|iPhone.Deploy.0 = Debug|Any CPU
		{E3CA1CB3-B245-4FA5-A584-781193BDE1F5}.Debug|iPhoneSimulator.ActiveCfg = Debug|Any CPU
		{E3CA1CB3-B245-4FA5-A584-781193BDE1F5}.Debug|iPhoneSimulator.Build.0 = Debug|Any CPU
		{E3CA1CB3-B245-4FA5-A584-781193BDE1F5}.Debug|iPhoneSimulator.Deploy.0 = Debug|Any CPU
		{E3CA1CB3-B245-4FA5-A584-781193BDE1F5}.Debug|x64.ActiveCfg = Debug|Any CPU
		{E3CA1CB3-B245-4FA5-A584-781193BDE1F5}.Debug|x64.Build.0 = Debug|Any CPU
		{E3CA1CB3-B245-4FA5-A584-781193BDE1F5}.Debug|x64.Deploy.0 = Debug|Any CPU
		{E3CA1CB3-B245-4FA5-A584-781193BDE1F5}.Debug|x86.ActiveCfg = Debug|Any CPU
		{E3CA1CB3-B245-4FA5-A584-781193BDE1F5}.Debug|x86.Build.0 = Debug|Any CPU
		{E3CA1CB3-B245-4FA5-A584-781193BDE1F5}.Debug|x86.Deploy.0 = Debug|Any CPU
		{E3CA1CB3-B245-4FA5-A584-781193BDE1F5}.Release|Any CPU.ActiveCfg = Release|Any CPU
		{E3CA1CB3-B245-4FA5-A584-781193BDE1F5}.Release|Any CPU.Build.0 = Release|Any CPU
		{E3CA1CB3-B245-4FA5-A584-781193BDE1F5}.Release|Any CPU.Deploy.0 = Release|Any CPU
		{E3CA1CB3-B245-4FA5-A584-781193BDE1F5}.Release|ARM.ActiveCfg = Release|Any CPU
		{E3CA1CB3-B245-4FA5-A584-781193BDE1F5}.Release|ARM.Build.0 = Release|Any CPU
		{E3CA1CB3-B245-4FA5-A584-781193BDE1F5}.Release|ARM.Deploy.0 = Release|Any CPU
		{E3CA1CB3-B245-4FA5-A584-781193BDE1F5}.Release|iPhone.ActiveCfg = Release|Any CPU
		{E3CA1CB3-B245-4FA5-A584-781193BDE1F5}.Release|iPhone.Build.0 = Release|Any CPU
		{E3CA1CB3-B245-4FA5-A584-781193BDE1F5}.Release|iPhone.Deploy.0 = Release|Any CPU
		{E3CA1CB3-B245-4FA5-A584-781193BDE1F5}.Release|iPhoneSimulator.ActiveCfg = Release|Any CPU
		{E3CA1CB3-B245-4FA5-A584-781193BDE1F5}.Release|iPhoneSimulator.Build.0 = Release|Any CPU
		{E3CA1CB3-B245-4FA5-A584-781193BDE1F5}.Release|iPhoneSimulator.Deploy.0 = Release|Any CPU
		{E3CA1CB3-B245-4FA5-A584-781193BDE1F5}.Release|x64.ActiveCfg = Release|Any CPU
		{E3CA1CB3-B245-4FA5-A584-781193BDE1F5}.Release|x64.Build.0 = Release|Any CPU
		{E3CA1CB3-B245-4FA5-A584-781193BDE1F5}.Release|x64.Deploy.0 = Release|Any CPU
		{E3CA1CB3-B245-4FA5-A584-781193BDE1F5}.Release|x86.ActiveCfg = Release|Any CPU
		{E3CA1CB3-B245-4FA5-A584-781193BDE1F5}.Release|x86.Build.0 = Release|Any CPU
		{E3CA1CB3-B245-4FA5-A584-781193BDE1F5}.Release|x86.Deploy.0 = Release|Any CPU
		{8FDAD6E3-A9FF-4431-81DC-8F9F1DD5339E}.Debug|Any CPU.ActiveCfg = Debug|Any CPU
		{8FDAD6E3-A9FF-4431-81DC-8F9F1DD5339E}.Debug|Any CPU.Build.0 = Debug|Any CPU
		{8FDAD6E3-A9FF-4431-81DC-8F9F1DD5339E}.Debug|ARM.ActiveCfg = Debug|Any CPU
		{8FDAD6E3-A9FF-4431-81DC-8F9F1DD5339E}.Debug|ARM.Build.0 = Debug|Any CPU
		{8FDAD6E3-A9FF-4431-81DC-8F9F1DD5339E}.Debug|iPhone.ActiveCfg = Debug|Any CPU
		{8FDAD6E3-A9FF-4431-81DC-8F9F1DD5339E}.Debug|iPhone.Build.0 = Debug|Any CPU
		{8FDAD6E3-A9FF-4431-81DC-8F9F1DD5339E}.Debug|iPhoneSimulator.ActiveCfg = Debug|Any CPU
		{8FDAD6E3-A9FF-4431-81DC-8F9F1DD5339E}.Debug|iPhoneSimulator.Build.0 = Debug|Any CPU
		{8FDAD6E3-A9FF-4431-81DC-8F9F1DD5339E}.Debug|x64.ActiveCfg = Debug|Any CPU
		{8FDAD6E3-A9FF-4431-81DC-8F9F1DD5339E}.Debug|x64.Build.0 = Debug|Any CPU
		{8FDAD6E3-A9FF-4431-81DC-8F9F1DD5339E}.Debug|x86.ActiveCfg = Debug|Any CPU
		{8FDAD6E3-A9FF-4431-81DC-8F9F1DD5339E}.Debug|x86.Build.0 = Debug|Any CPU
		{8FDAD6E3-A9FF-4431-81DC-8F9F1DD5339E}.Release|Any CPU.ActiveCfg = Release|Any CPU
		{8FDAD6E3-A9FF-4431-81DC-8F9F1DD5339E}.Release|Any CPU.Build.0 = Release|Any CPU
		{8FDAD6E3-A9FF-4431-81DC-8F9F1DD5339E}.Release|ARM.ActiveCfg = Release|Any CPU
		{8FDAD6E3-A9FF-4431-81DC-8F9F1DD5339E}.Release|ARM.Build.0 = Release|Any CPU
		{8FDAD6E3-A9FF-4431-81DC-8F9F1DD5339E}.Release|iPhone.ActiveCfg = Release|Any CPU
		{8FDAD6E3-A9FF-4431-81DC-8F9F1DD5339E}.Release|iPhone.Build.0 = Release|Any CPU
		{8FDAD6E3-A9FF-4431-81DC-8F9F1DD5339E}.Release|iPhoneSimulator.ActiveCfg = Release|Any CPU
		{8FDAD6E3-A9FF-4431-81DC-8F9F1DD5339E}.Release|iPhoneSimulator.Build.0 = Release|Any CPU
		{8FDAD6E3-A9FF-4431-81DC-8F9F1DD5339E}.Release|x64.ActiveCfg = Release|Any CPU
		{8FDAD6E3-A9FF-4431-81DC-8F9F1DD5339E}.Release|x64.Build.0 = Release|Any CPU
		{8FDAD6E3-A9FF-4431-81DC-8F9F1DD5339E}.Release|x86.ActiveCfg = Release|Any CPU
		{8FDAD6E3-A9FF-4431-81DC-8F9F1DD5339E}.Release|x86.Build.0 = Release|Any CPU
		{77FE5DAE-4374-4DDF-A7F3-009A079E4984}.Debug|Any CPU.ActiveCfg = Debug|Any CPU
		{77FE5DAE-4374-4DDF-A7F3-009A079E4984}.Debug|Any CPU.Build.0 = Debug|Any CPU
		{77FE5DAE-4374-4DDF-A7F3-009A079E4984}.Debug|ARM.ActiveCfg = Debug|Any CPU
		{77FE5DAE-4374-4DDF-A7F3-009A079E4984}.Debug|ARM.Build.0 = Debug|Any CPU
		{77FE5DAE-4374-4DDF-A7F3-009A079E4984}.Debug|iPhone.ActiveCfg = Debug|Any CPU
		{77FE5DAE-4374-4DDF-A7F3-009A079E4984}.Debug|iPhone.Build.0 = Debug|Any CPU
		{77FE5DAE-4374-4DDF-A7F3-009A079E4984}.Debug|iPhoneSimulator.ActiveCfg = Debug|Any CPU
		{77FE5DAE-4374-4DDF-A7F3-009A079E4984}.Debug|iPhoneSimulator.Build.0 = Debug|Any CPU
		{77FE5DAE-4374-4DDF-A7F3-009A079E4984}.Debug|x64.ActiveCfg = Debug|Any CPU
		{77FE5DAE-4374-4DDF-A7F3-009A079E4984}.Debug|x64.Build.0 = Debug|Any CPU
		{77FE5DAE-4374-4DDF-A7F3-009A079E4984}.Debug|x86.ActiveCfg = Debug|Any CPU
		{77FE5DAE-4374-4DDF-A7F3-009A079E4984}.Debug|x86.Build.0 = Debug|Any CPU
		{77FE5DAE-4374-4DDF-A7F3-009A079E4984}.Release|Any CPU.ActiveCfg = Release|Any CPU
		{77FE5DAE-4374-4DDF-A7F3-009A079E4984}.Release|Any CPU.Build.0 = Release|Any CPU
		{77FE5DAE-4374-4DDF-A7F3-009A079E4984}.Release|ARM.ActiveCfg = Release|Any CPU
		{77FE5DAE-4374-4DDF-A7F3-009A079E4984}.Release|ARM.Build.0 = Release|Any CPU
		{77FE5DAE-4374-4DDF-A7F3-009A079E4984}.Release|iPhone.ActiveCfg = Release|Any CPU
		{77FE5DAE-4374-4DDF-A7F3-009A079E4984}.Release|iPhone.Build.0 = Release|Any CPU
		{77FE5DAE-4374-4DDF-A7F3-009A079E4984}.Release|iPhoneSimulator.ActiveCfg = Release|Any CPU
		{77FE5DAE-4374-4DDF-A7F3-009A079E4984}.Release|iPhoneSimulator.Build.0 = Release|Any CPU
		{77FE5DAE-4374-4DDF-A7F3-009A079E4984}.Release|x64.ActiveCfg = Release|Any CPU
		{77FE5DAE-4374-4DDF-A7F3-009A079E4984}.Release|x64.Build.0 = Release|Any CPU
		{77FE5DAE-4374-4DDF-A7F3-009A079E4984}.Release|x86.ActiveCfg = Release|Any CPU
		{77FE5DAE-4374-4DDF-A7F3-009A079E4984}.Release|x86.Build.0 = Release|Any CPU
		{00C7DBD9-FDCE-4923-AE13-37BFACF4EC82}.Debug|Any CPU.ActiveCfg = Debug|Any CPU
		{00C7DBD9-FDCE-4923-AE13-37BFACF4EC82}.Debug|Any CPU.Build.0 = Debug|Any CPU
		{00C7DBD9-FDCE-4923-AE13-37BFACF4EC82}.Debug|ARM.ActiveCfg = Debug|Any CPU
		{00C7DBD9-FDCE-4923-AE13-37BFACF4EC82}.Debug|ARM.Build.0 = Debug|Any CPU
		{00C7DBD9-FDCE-4923-AE13-37BFACF4EC82}.Debug|iPhone.ActiveCfg = Debug|Any CPU
		{00C7DBD9-FDCE-4923-AE13-37BFACF4EC82}.Debug|iPhone.Build.0 = Debug|Any CPU
		{00C7DBD9-FDCE-4923-AE13-37BFACF4EC82}.Debug|iPhoneSimulator.ActiveCfg = Debug|Any CPU
		{00C7DBD9-FDCE-4923-AE13-37BFACF4EC82}.Debug|iPhoneSimulator.Build.0 = Debug|Any CPU
		{00C7DBD9-FDCE-4923-AE13-37BFACF4EC82}.Debug|x64.ActiveCfg = Debug|Any CPU
		{00C7DBD9-FDCE-4923-AE13-37BFACF4EC82}.Debug|x64.Build.0 = Debug|Any CPU
		{00C7DBD9-FDCE-4923-AE13-37BFACF4EC82}.Debug|x86.ActiveCfg = Debug|Any CPU
		{00C7DBD9-FDCE-4923-AE13-37BFACF4EC82}.Debug|x86.Build.0 = Debug|Any CPU
		{00C7DBD9-FDCE-4923-AE13-37BFACF4EC82}.Release|Any CPU.ActiveCfg = Release|Any CPU
		{00C7DBD9-FDCE-4923-AE13-37BFACF4EC82}.Release|Any CPU.Build.0 = Release|Any CPU
		{00C7DBD9-FDCE-4923-AE13-37BFACF4EC82}.Release|ARM.ActiveCfg = Release|Any CPU
		{00C7DBD9-FDCE-4923-AE13-37BFACF4EC82}.Release|ARM.Build.0 = Release|Any CPU
		{00C7DBD9-FDCE-4923-AE13-37BFACF4EC82}.Release|iPhone.ActiveCfg = Release|Any CPU
		{00C7DBD9-FDCE-4923-AE13-37BFACF4EC82}.Release|iPhone.Build.0 = Release|Any CPU
		{00C7DBD9-FDCE-4923-AE13-37BFACF4EC82}.Release|iPhoneSimulator.ActiveCfg = Release|Any CPU
		{00C7DBD9-FDCE-4923-AE13-37BFACF4EC82}.Release|iPhoneSimulator.Build.0 = Release|Any CPU
		{00C7DBD9-FDCE-4923-AE13-37BFACF4EC82}.Release|x64.ActiveCfg = Release|Any CPU
		{00C7DBD9-FDCE-4923-AE13-37BFACF4EC82}.Release|x64.Build.0 = Release|Any CPU
		{00C7DBD9-FDCE-4923-AE13-37BFACF4EC82}.Release|x86.ActiveCfg = Release|Any CPU
		{00C7DBD9-FDCE-4923-AE13-37BFACF4EC82}.Release|x86.Build.0 = Release|Any CPU
	EndGlobalSection
	GlobalSection(SolutionProperties) = preSolution
		HideSolutionNode = FALSE
	EndGlobalSection
	GlobalSection(ExtensibilityGlobals) = postSolution
		SolutionGuid = {2EDD7B8B-ADEE-4ABC-83E9-201231960DB9}
	EndGlobalSection
EndGlobal
