
Microsoft Visual Studio Solution File, Format Version 12.00
# Visual Studio Version 16
VisualStudioVersion = 16.0.29521.150
MinimumVisualStudioVersion = 10.0.40219.1
Project("{9A19103F-16F7-4668-BE54-9A1E7A4F7556}") = "anime-dl", "anime-dl\anime-dl.csproj", "{E2E8CF9E-5A09-494E-AA83-DB521C92C1D7}"
EndProject
Project("{9A19103F-16F7-4668-BE54-9A1E7A4F7556}") = "ADLCore", "ADLCore\ADLCore.csproj", "{59CC73AE-76C7-4D2E-BF62-1DA623B3BF2B}"
EndProject
Project("{FAE04EC0-301F-11D3-BF4B-00C04F79EFBC}") = "anime-dl_Android", "anime-dl_Android\anime-dl_Android.csproj", "{E3CA1CB3-B245-4FA5-A584-781193BDE1F5}"
EndProject
Project("{9A19103F-16F7-4668-BE54-9A1E7A4F7556}") = "ADLTrack", "ADLTrack\ADLTrack.csproj", "{8FDAD6E3-A9FF-4431-81DC-8F9F1DD5339E}"
EndProject
Global
	GlobalSection(SolutionConfigurationPlatforms) = preSolution
		Debug|Any CPU = Debug|Any CPU
		Release|Any CPU = Release|Any CPU
	EndGlobalSection
	GlobalSection(ProjectConfigurationPlatforms) = postSolution
		{E2E8CF9E-5A09-494E-AA83-DB521C92C1D7}.Debug|Any CPU.ActiveCfg = Debug|Any CPU
		{E2E8CF9E-5A09-494E-AA83-DB521C92C1D7}.Debug|Any CPU.Build.0 = Debug|Any CPU
		{E2E8CF9E-5A09-494E-AA83-DB521C92C1D7}.Release|Any CPU.ActiveCfg = Release|Any CPU
		{E2E8CF9E-5A09-494E-AA83-DB521C92C1D7}.Release|Any CPU.Build.0 = Release|Any CPU
		{59CC73AE-76C7-4D2E-BF62-1DA623B3BF2B}.Debug|Any CPU.ActiveCfg = Debug|Any CPU
		{59CC73AE-76C7-4D2E-BF62-1DA623B3BF2B}.Debug|Any CPU.Build.0 = Debug|Any CPU
		{59CC73AE-76C7-4D2E-BF62-1DA623B3BF2B}.Release|Any CPU.ActiveCfg = Release|Any CPU
		{59CC73AE-76C7-4D2E-BF62-1DA623B3BF2B}.Release|Any CPU.Build.0 = Release|Any CPU
		{E3CA1CB3-B245-4FA5-A584-781193BDE1F5}.Debug|Any CPU.ActiveCfg = Debug|Any CPU
		{E3CA1CB3-B245-4FA5-A584-781193BDE1F5}.Debug|Any CPU.Build.0 = Debug|Any CPU
		{E3CA1CB3-B245-4FA5-A584-781193BDE1F5}.Debug|Any CPU.Deploy.0 = Debug|Any CPU
		{E3CA1CB3-B245-4FA5-A584-781193BDE1F5}.Release|Any CPU.ActiveCfg = Release|Any CPU
		{E3CA1CB3-B245-4FA5-A584-781193BDE1F5}.Release|Any CPU.Build.0 = Release|Any CPU
		{E3CA1CB3-B245-4FA5-A584-781193BDE1F5}.Release|Any CPU.Deploy.0 = Release|Any CPU
		{8FDAD6E3-A9FF-4431-81DC-8F9F1DD5339E}.Debug|Any CPU.ActiveCfg = Debug|Any CPU
		{8FDAD6E3-A9FF-4431-81DC-8F9F1DD5339E}.Debug|Any CPU.Build.0 = Debug|Any CPU
		{8FDAD6E3-A9FF-4431-81DC-8F9F1DD5339E}.Release|Any CPU.ActiveCfg = Release|Any CPU
		{8FDAD6E3-A9FF-4431-81DC-8F9F1DD5339E}.Release|Any CPU.Build.0 = Release|Any CPU
		{BA2C222B-26D0-4F4F-B395-E4AD561A83FC}.Debug|Any CPU.ActiveCfg = Debug|Any CPU
		{BA2C222B-26D0-4F4F-B395-E4AD561A83FC}.Debug|Any CPU.Build.0 = Debug|Any CPU
		{BA2C222B-26D0-4F4F-B395-E4AD561A83FC}.Release|Any CPU.ActiveCfg = Release|Any CPU
		{BA2C222B-26D0-4F4F-B395-E4AD561A83FC}.Release|Any CPU.Build.0 = Release|Any CPU
	EndGlobalSection
	GlobalSection(SolutionProperties) = preSolution
		HideSolutionNode = FALSE
	EndGlobalSection
	GlobalSection(ExtensibilityGlobals) = postSolution
		SolutionGuid = {2EDD7B8B-ADEE-4ABC-83E9-201231960DB9}
	EndGlobalSection
EndGlobal
