
Microsoft Visual Studio Solution File, Format Version 12.00
# Visual Studio Version 16
VisualStudioVersion = 16.0.29521.150
MinimumVisualStudioVersion = 10.0.40219.1
Project("{9A19103F-16F7-4668-BE54-9A1E7A4F7556}") = "ADLCore", "ADLCore\ADLCore.csproj", "{59CC73AE-76C7-4D2E-BF62-1DA623B3BF2B}"
EndProject
Project("{FAE04EC0-301F-11D3-BF4B-00C04F79EFBC}") = "UriDec", "UriDec\UriDec.csproj", "{13D7205F-200C-4B7B-A178-90EAC93D0C2A}"
EndProject
Project("{2150E333-8FDC-42A3-9474-1A3956D46DE8}") = "Examples", "Examples", "{2374E857-6701-452F-8DD7-A3DF15AA2813}"
EndProject
Project("{FAE04EC0-301F-11D3-BF4B-00C04F79EFBC}") = "UIanime-dl", "..\UIanime-dl\UIanime-dl.csproj", "{B01871AB-6DFC-4561-95C0-101A6A95A536}"
EndProject
Project("{FAE04EC0-301F-11D3-BF4B-00C04F79EFBC}") = "anime-dl", "..\anime-dl_cli\anime-dl.csproj", "{51FA378D-76AA-4900-8859-1E6009567D35}"
EndProject
Project("{FAE04EC0-301F-11D3-BF4B-00C04F79EFBC}") = "ADLCore_6.0_Example", "ADLCore_6.0_Example\ADLCore_6.0_Example.csproj", "{A6964ACF-00B4-4513-9A77-AACE32FACF6E}"
EndProject
Global
	GlobalSection(SolutionConfigurationPlatforms) = preSolution
		Debug|Any CPU = Debug|Any CPU
		Debug|ARM = Debug|ARM
		Debug|iPhone = Debug|iPhone
		Debug|iPhoneSimulator = Debug|iPhoneSimulator
		Debug|x64 = Debug|x64
		Debug|x86 = Debug|x86
		Release|Any CPU = Release|Any CPU
		Release|ARM = Release|ARM
		Release|iPhone = Release|iPhone
		Release|iPhoneSimulator = Release|iPhoneSimulator
		Release|x64 = Release|x64
		Release|x86 = Release|x86
	EndGlobalSection
	GlobalSection(ProjectConfigurationPlatforms) = postSolution
		{59CC73AE-76C7-4D2E-BF62-1DA623B3BF2B}.Debug|Any CPU.ActiveCfg = Debug|Any CPU
		{59CC73AE-76C7-4D2E-BF62-1DA623B3BF2B}.Debug|Any CPU.Build.0 = Debug|Any CPU
		{59CC73AE-76C7-4D2E-BF62-1DA623B3BF2B}.Debug|ARM.ActiveCfg = Debug|Any CPU
		{59CC73AE-76C7-4D2E-BF62-1DA623B3BF2B}.Debug|ARM.Build.0 = Debug|Any CPU
		{59CC73AE-76C7-4D2E-BF62-1DA623B3BF2B}.Debug|iPhone.ActiveCfg = Debug|Any CPU
		{59CC73AE-76C7-4D2E-BF62-1DA623B3BF2B}.Debug|iPhone.Build.0 = Debug|Any CPU
		{59CC73AE-76C7-4D2E-BF62-1DA623B3BF2B}.Debug|iPhoneSimulator.ActiveCfg = Debug|Any CPU
		{59CC73AE-76C7-4D2E-BF62-1DA623B3BF2B}.Debug|iPhoneSimulator.Build.0 = Debug|Any CPU
		{59CC73AE-76C7-4D2E-BF62-1DA623B3BF2B}.Debug|x64.ActiveCfg = Debug|Any CPU
		{59CC73AE-76C7-4D2E-BF62-1DA623B3BF2B}.Debug|x64.Build.0 = Debug|Any CPU
		{59CC73AE-76C7-4D2E-BF62-1DA623B3BF2B}.Debug|x86.ActiveCfg = Debug|Any CPU
		{59CC73AE-76C7-4D2E-BF62-1DA623B3BF2B}.Debug|x86.Build.0 = Debug|Any CPU
		{59CC73AE-76C7-4D2E-BF62-1DA623B3BF2B}.Release|Any CPU.ActiveCfg = Release|Any CPU
		{59CC73AE-76C7-4D2E-BF62-1DA623B3BF2B}.Release|Any CPU.Build.0 = Release|Any CPU
		{59CC73AE-76C7-4D2E-BF62-1DA623B3BF2B}.Release|ARM.ActiveCfg = Release|Any CPU
		{59CC73AE-76C7-4D2E-BF62-1DA623B3BF2B}.Release|ARM.Build.0 = Release|Any CPU
		{59CC73AE-76C7-4D2E-BF62-1DA623B3BF2B}.Release|iPhone.ActiveCfg = Release|Any CPU
		{59CC73AE-76C7-4D2E-BF62-1DA623B3BF2B}.Release|iPhone.Build.0 = Release|Any CPU
		{59CC73AE-76C7-4D2E-BF62-1DA623B3BF2B}.Release|iPhoneSimulator.ActiveCfg = Release|Any CPU
		{59CC73AE-76C7-4D2E-BF62-1DA623B3BF2B}.Release|iPhoneSimulator.Build.0 = Release|Any CPU
		{59CC73AE-76C7-4D2E-BF62-1DA623B3BF2B}.Release|x64.ActiveCfg = Release|Any CPU
		{59CC73AE-76C7-4D2E-BF62-1DA623B3BF2B}.Release|x64.Build.0 = Release|Any CPU
		{59CC73AE-76C7-4D2E-BF62-1DA623B3BF2B}.Release|x86.ActiveCfg = Release|Any CPU
		{59CC73AE-76C7-4D2E-BF62-1DA623B3BF2B}.Release|x86.Build.0 = Release|Any CPU
		{13D7205F-200C-4B7B-A178-90EAC93D0C2A}.Debug|Any CPU.ActiveCfg = Debug|Any CPU
		{13D7205F-200C-4B7B-A178-90EAC93D0C2A}.Debug|Any CPU.Build.0 = Debug|Any CPU
		{13D7205F-200C-4B7B-A178-90EAC93D0C2A}.Debug|ARM.ActiveCfg = Debug|Any CPU
		{13D7205F-200C-4B7B-A178-90EAC93D0C2A}.Debug|ARM.Build.0 = Debug|Any CPU
		{13D7205F-200C-4B7B-A178-90EAC93D0C2A}.Debug|iPhone.ActiveCfg = Debug|Any CPU
		{13D7205F-200C-4B7B-A178-90EAC93D0C2A}.Debug|iPhone.Build.0 = Debug|Any CPU
		{13D7205F-200C-4B7B-A178-90EAC93D0C2A}.Debug|iPhoneSimulator.ActiveCfg = Debug|Any CPU
		{13D7205F-200C-4B7B-A178-90EAC93D0C2A}.Debug|iPhoneSimulator.Build.0 = Debug|Any CPU
		{13D7205F-200C-4B7B-A178-90EAC93D0C2A}.Debug|x64.ActiveCfg = Debug|Any CPU
		{13D7205F-200C-4B7B-A178-90EAC93D0C2A}.Debug|x64.Build.0 = Debug|Any CPU
		{13D7205F-200C-4B7B-A178-90EAC93D0C2A}.Debug|x86.ActiveCfg = Debug|Any CPU
		{13D7205F-200C-4B7B-A178-90EAC93D0C2A}.Debug|x86.Build.0 = Debug|Any CPU
		{13D7205F-200C-4B7B-A178-90EAC93D0C2A}.Release|Any CPU.ActiveCfg = Release|Any CPU
		{13D7205F-200C-4B7B-A178-90EAC93D0C2A}.Release|Any CPU.Build.0 = Release|Any CPU
		{13D7205F-200C-4B7B-A178-90EAC93D0C2A}.Release|ARM.ActiveCfg = Release|Any CPU
		{13D7205F-200C-4B7B-A178-90EAC93D0C2A}.Release|ARM.Build.0 = Release|Any CPU
		{13D7205F-200C-4B7B-A178-90EAC93D0C2A}.Release|iPhone.ActiveCfg = Release|Any CPU
		{13D7205F-200C-4B7B-A178-90EAC93D0C2A}.Release|iPhone.Build.0 = Release|Any CPU
		{13D7205F-200C-4B7B-A178-90EAC93D0C2A}.Release|iPhoneSimulator.ActiveCfg = Release|Any CPU
		{13D7205F-200C-4B7B-A178-90EAC93D0C2A}.Release|iPhoneSimulator.Build.0 = Release|Any CPU
		{13D7205F-200C-4B7B-A178-90EAC93D0C2A}.Release|x64.ActiveCfg = Release|Any CPU
		{13D7205F-200C-4B7B-A178-90EAC93D0C2A}.Release|x64.Build.0 = Release|Any CPU
		{13D7205F-200C-4B7B-A178-90EAC93D0C2A}.Release|x86.ActiveCfg = Release|Any CPU
		{13D7205F-200C-4B7B-A178-90EAC93D0C2A}.Release|x86.Build.0 = Release|Any CPU
		{B01871AB-6DFC-4561-95C0-101A6A95A536}.Debug|Any CPU.ActiveCfg = Debug|Any CPU
		{B01871AB-6DFC-4561-95C0-101A6A95A536}.Debug|Any CPU.Build.0 = Debug|Any CPU
		{B01871AB-6DFC-4561-95C0-101A6A95A536}.Debug|ARM.ActiveCfg = Debug|Any CPU
		{B01871AB-6DFC-4561-95C0-101A6A95A536}.Debug|ARM.Build.0 = Debug|Any CPU
		{B01871AB-6DFC-4561-95C0-101A6A95A536}.Debug|iPhone.ActiveCfg = Debug|Any CPU
		{B01871AB-6DFC-4561-95C0-101A6A95A536}.Debug|iPhone.Build.0 = Debug|Any CPU
		{B01871AB-6DFC-4561-95C0-101A6A95A536}.Debug|iPhoneSimulator.ActiveCfg = Debug|Any CPU
		{B01871AB-6DFC-4561-95C0-101A6A95A536}.Debug|iPhoneSimulator.Build.0 = Debug|Any CPU
		{B01871AB-6DFC-4561-95C0-101A6A95A536}.Debug|x64.ActiveCfg = Debug|Any CPU
		{B01871AB-6DFC-4561-95C0-101A6A95A536}.Debug|x64.Build.0 = Debug|Any CPU
		{B01871AB-6DFC-4561-95C0-101A6A95A536}.Debug|x86.ActiveCfg = Debug|Any CPU
		{B01871AB-6DFC-4561-95C0-101A6A95A536}.Debug|x86.Build.0 = Debug|Any CPU
		{B01871AB-6DFC-4561-95C0-101A6A95A536}.Release|Any CPU.ActiveCfg = Release|Any CPU
		{B01871AB-6DFC-4561-95C0-101A6A95A536}.Release|Any CPU.Build.0 = Release|Any CPU
		{B01871AB-6DFC-4561-95C0-101A6A95A536}.Release|ARM.ActiveCfg = Release|Any CPU
		{B01871AB-6DFC-4561-95C0-101A6A95A536}.Release|ARM.Build.0 = Release|Any CPU
		{B01871AB-6DFC-4561-95C0-101A6A95A536}.Release|iPhone.ActiveCfg = Release|Any CPU
		{B01871AB-6DFC-4561-95C0-101A6A95A536}.Release|iPhone.Build.0 = Release|Any CPU
		{B01871AB-6DFC-4561-95C0-101A6A95A536}.Release|iPhoneSimulator.ActiveCfg = Release|Any CPU
		{B01871AB-6DFC-4561-95C0-101A6A95A536}.Release|iPhoneSimulator.Build.0 = Release|Any CPU
		{B01871AB-6DFC-4561-95C0-101A6A95A536}.Release|x64.ActiveCfg = Release|Any CPU
		{B01871AB-6DFC-4561-95C0-101A6A95A536}.Release|x64.Build.0 = Release|Any CPU
		{B01871AB-6DFC-4561-95C0-101A6A95A536}.Release|x86.ActiveCfg = Release|Any CPU
		{B01871AB-6DFC-4561-95C0-101A6A95A536}.Release|x86.Build.0 = Release|Any CPU
		{51FA378D-76AA-4900-8859-1E6009567D35}.Debug|Any CPU.ActiveCfg = Debug|Any CPU
		{51FA378D-76AA-4900-8859-1E6009567D35}.Debug|Any CPU.Build.0 = Debug|Any CPU
		{51FA378D-76AA-4900-8859-1E6009567D35}.Debug|ARM.ActiveCfg = Debug|Any CPU
		{51FA378D-76AA-4900-8859-1E6009567D35}.Debug|ARM.Build.0 = Debug|Any CPU
		{51FA378D-76AA-4900-8859-1E6009567D35}.Debug|iPhone.ActiveCfg = Debug|Any CPU
		{51FA378D-76AA-4900-8859-1E6009567D35}.Debug|iPhone.Build.0 = Debug|Any CPU
		{51FA378D-76AA-4900-8859-1E6009567D35}.Debug|iPhoneSimulator.ActiveCfg = Debug|Any CPU
		{51FA378D-76AA-4900-8859-1E6009567D35}.Debug|iPhoneSimulator.Build.0 = Debug|Any CPU
		{51FA378D-76AA-4900-8859-1E6009567D35}.Debug|x64.ActiveCfg = Debug|Any CPU
		{51FA378D-76AA-4900-8859-1E6009567D35}.Debug|x64.Build.0 = Debug|Any CPU
		{51FA378D-76AA-4900-8859-1E6009567D35}.Debug|x86.ActiveCfg = Debug|Any CPU
		{51FA378D-76AA-4900-8859-1E6009567D35}.Debug|x86.Build.0 = Debug|Any CPU
		{51FA378D-76AA-4900-8859-1E6009567D35}.Release|Any CPU.ActiveCfg = Release|Any CPU
		{51FA378D-76AA-4900-8859-1E6009567D35}.Release|Any CPU.Build.0 = Release|Any CPU
		{51FA378D-76AA-4900-8859-1E6009567D35}.Release|ARM.ActiveCfg = Release|Any CPU
		{51FA378D-76AA-4900-8859-1E6009567D35}.Release|ARM.Build.0 = Release|Any CPU
		{51FA378D-76AA-4900-8859-1E6009567D35}.Release|iPhone.ActiveCfg = Release|Any CPU
		{51FA378D-76AA-4900-8859-1E6009567D35}.Release|iPhone.Build.0 = Release|Any CPU
		{51FA378D-76AA-4900-8859-1E6009567D35}.Release|iPhoneSimulator.ActiveCfg = Release|Any CPU
		{51FA378D-76AA-4900-8859-1E6009567D35}.Release|iPhoneSimulator.Build.0 = Release|Any CPU
		{51FA378D-76AA-4900-8859-1E6009567D35}.Release|x64.ActiveCfg = Release|Any CPU
		{51FA378D-76AA-4900-8859-1E6009567D35}.Release|x64.Build.0 = Release|Any CPU
		{51FA378D-76AA-4900-8859-1E6009567D35}.Release|x86.ActiveCfg = Release|Any CPU
		{51FA378D-76AA-4900-8859-1E6009567D35}.Release|x86.Build.0 = Release|Any CPU
		{A6964ACF-00B4-4513-9A77-AACE32FACF6E}.Debug|Any CPU.ActiveCfg = Debug|Any CPU
		{A6964ACF-00B4-4513-9A77-AACE32FACF6E}.Debug|Any CPU.Build.0 = Debug|Any CPU
		{A6964ACF-00B4-4513-9A77-AACE32FACF6E}.Debug|ARM.ActiveCfg = Debug|Any CPU
		{A6964ACF-00B4-4513-9A77-AACE32FACF6E}.Debug|ARM.Build.0 = Debug|Any CPU
		{A6964ACF-00B4-4513-9A77-AACE32FACF6E}.Debug|iPhone.ActiveCfg = Debug|Any CPU
		{A6964ACF-00B4-4513-9A77-AACE32FACF6E}.Debug|iPhone.Build.0 = Debug|Any CPU
		{A6964ACF-00B4-4513-9A77-AACE32FACF6E}.Debug|iPhoneSimulator.ActiveCfg = Debug|Any CPU
		{A6964ACF-00B4-4513-9A77-AACE32FACF6E}.Debug|iPhoneSimulator.Build.0 = Debug|Any CPU
		{A6964ACF-00B4-4513-9A77-AACE32FACF6E}.Debug|x64.ActiveCfg = Debug|Any CPU
		{A6964ACF-00B4-4513-9A77-AACE32FACF6E}.Debug|x64.Build.0 = Debug|Any CPU
		{A6964ACF-00B4-4513-9A77-AACE32FACF6E}.Debug|x86.ActiveCfg = Debug|Any CPU
		{A6964ACF-00B4-4513-9A77-AACE32FACF6E}.Debug|x86.Build.0 = Debug|Any CPU
		{A6964ACF-00B4-4513-9A77-AACE32FACF6E}.Release|Any CPU.ActiveCfg = Release|Any CPU
		{A6964ACF-00B4-4513-9A77-AACE32FACF6E}.Release|Any CPU.Build.0 = Release|Any CPU
		{A6964ACF-00B4-4513-9A77-AACE32FACF6E}.Release|ARM.ActiveCfg = Release|Any CPU
		{A6964ACF-00B4-4513-9A77-AACE32FACF6E}.Release|ARM.Build.0 = Release|Any CPU
		{A6964ACF-00B4-4513-9A77-AACE32FACF6E}.Release|iPhone.ActiveCfg = Release|Any CPU
		{A6964ACF-00B4-4513-9A77-AACE32FACF6E}.Release|iPhone.Build.0 = Release|Any CPU
		{A6964ACF-00B4-4513-9A77-AACE32FACF6E}.Release|iPhoneSimulator.ActiveCfg = Release|Any CPU
		{A6964ACF-00B4-4513-9A77-AACE32FACF6E}.Release|iPhoneSimulator.Build.0 = Release|Any CPU
		{A6964ACF-00B4-4513-9A77-AACE32FACF6E}.Release|x64.ActiveCfg = Release|Any CPU
		{A6964ACF-00B4-4513-9A77-AACE32FACF6E}.Release|x64.Build.0 = Release|Any CPU
		{A6964ACF-00B4-4513-9A77-AACE32FACF6E}.Release|x86.ActiveCfg = Release|Any CPU
		{A6964ACF-00B4-4513-9A77-AACE32FACF6E}.Release|x86.Build.0 = Release|Any CPU
	EndGlobalSection
	GlobalSection(SolutionProperties) = preSolution
		HideSolutionNode = FALSE
	EndGlobalSection
	GlobalSection(ExtensibilityGlobals) = postSolution
		SolutionGuid = {2EDD7B8B-ADEE-4ABC-83E9-201231960DB9}
	EndGlobalSection
	GlobalSection(NestedProjects) = preSolution
		{B01871AB-6DFC-4561-95C0-101A6A95A536} = {2374E857-6701-452F-8DD7-A3DF15AA2813}
		{51FA378D-76AA-4900-8859-1E6009567D35} = {2374E857-6701-452F-8DD7-A3DF15AA2813}
		{A6964ACF-00B4-4513-9A77-AACE32FACF6E} = {2374E857-6701-452F-8DD7-A3DF15AA2813}
	EndGlobalSection
EndGlobal
